
Microsoft Visual Studio Solution File, Format Version 11.00
# Visual Studio 2010
Project("{FAE04EC0-301F-11D3-BF4B-00C04F79EFBC}") = "Unity.Timeline", "Unity.Timeline.csproj", "{34ace0e0-0517-baa8-e3c4-0a30fb7d15d1}"
EndProject
Project("{FAE04EC0-301F-11D3-BF4B-00C04F79EFBC}") = "Unity.Timeline.Editor", "Unity.Timeline.Editor.csproj", "{66db0a7b-67c9-e5a3-59aa-af3d05d0ca09}"
EndProject
Project("{FAE04EC0-301F-11D3-BF4B-00C04F79EFBC}") = "Unity.TextMeshPro.Editor", "Unity.TextMeshPro.Editor.csproj", "{4bd27e19-2184-713d-ef42-85e36189cf01}"
EndProject
Project("{FAE04EC0-301F-11D3-BF4B-00C04F79EFBC}") = "Unity.2D.Aseprite.Editor", "Unity.2D.Aseprite.Editor.csproj", "{ffef5a9f-7e92-7b62-6c86-c96c365a05e4}"
EndProject
Project("{FAE04EC0-301F-11D3-BF4B-00C04F79EFBC}") = "Unity.VisualScripting.Flow", "Unity.VisualScripting.Flow.csproj", "{59a57fad-6e6e-46a2-1c30-156add7389b8}"
EndProject
Project("{FAE04EC0-301F-11D3-BF4B-00C04F79EFBC}") = "Unity.PlasticSCM.Editor", "Unity.PlasticSCM.Editor.csproj", "{dfd54e42-dc91-ed80-f5a0-689a927c1647}"
EndProject
Project("{FAE04EC0-301F-11D3-BF4B-00C04F79EFBC}") = "Unity.2D.Psdimporter.Editor", "Unity.2D.Psdimporter.Editor.csproj", "{c4cb557f-63f4-cffc-2381-0379648ca7c9}"
EndProject
Project("{FAE04EC0-301F-11D3-BF4B-00C04F79EFBC}") = "Unity.VisualScripting.Core", "Unity.VisualScripting.Core.csproj", "{2477c459-5546-3dc5-db26-02d57ad52ecd}"
EndProject
Project("{FAE04EC0-301F-11D3-BF4B-00C04F79EFBC}") = "Unity.Mathematics", "Unity.Mathematics.csproj", "{7014298b-a919-5285-8f26-f5dc0c1d5fea}"
EndProject
Project("{FAE04EC0-301F-11D3-BF4B-00C04F79EFBC}") = "Unity.2D.Animation.Editor", "Unity.2D.Animation.Editor.csproj", "{ccce4c8f-dd51-455b-adc5-f32826a020dc}"
EndProject
Project("{FAE04EC0-301F-11D3-BF4B-00C04F79EFBC}") = "Unity.2D.Common.Path.Editor", "Unity.2D.Common.Path.Editor.csproj", "{5582e00a-cf05-9ef9-c7fc-71f8a11de1ca}"
EndProject
Project("{FAE04EC0-301F-11D3-BF4B-00C04F79EFBC}") = "Unity.VisualScripting.Core.Editor", "Unity.VisualScripting.Core.Editor.csproj", "{57b31b66-85a3-3765-d3ef-c00c2b430fea}"
EndProject
Project("{FAE04EC0-301F-11D3-BF4B-00C04F79EFBC}") = "Unity.2D.IK.Runtime", "Unity.2D.IK.Runtime.csproj", "{9b1e7def-0bc8-3ed1-14d1-9e711d09e08b}"
EndProject
Project("{FAE04EC0-301F-11D3-BF4B-00C04F79EFBC}") = "Unity.VisualScripting.Flow.Editor", "Unity.VisualScripting.Flow.Editor.csproj", "{8e39ca58-a077-7dac-79fd-cbb196699bd4}"
EndProject
Project("{FAE04EC0-301F-11D3-BF4B-00C04F79EFBC}") = "UnityEditor.TestRunner", "UnityEditor.TestRunner.csproj", "{001d9a3a-17be-2b4f-5392-11d0af054f37}"
EndProject
Project("{FAE04EC0-301F-11D3-BF4B-00C04F79EFBC}") = "Unity.VisualScripting.SettingsProvider.Editor", "Unity.VisualScripting.SettingsProvider.Editor.csproj", "{2d31fafc-6e8b-5ed2-72cc-13ff34bfb715}"
EndProject
Project("{FAE04EC0-301F-11D3-BF4B-00C04F79EFBC}") = "UnityEngine.TestRunner", "UnityEngine.TestRunner.csproj", "{a11bf4a0-a883-92f1-f957-067ae883fb2e}"
EndProject
Project("{FAE04EC0-301F-11D3-BF4B-00C04F79EFBC}") = "PsdPlugin", "PsdPlugin.csproj", "{4f83deb6-9530-42b9-c5ae-ba82dcf0c478}"
EndProject
Project("{FAE04EC0-301F-11D3-BF4B-00C04F79EFBC}") = "Unity.Burst", "Unity.Burst.csproj", "{94aecc50-e399-a554-e2d1-73306493525f}"
EndProject
Project("{FAE04EC0-301F-11D3-BF4B-00C04F79EFBC}") = "Assembly-CSharp", "Assembly-CSharp.csproj", "{3ca30a98-cc0e-55c8-6250-e2be2d773343}"
EndProject
Project("{FAE04EC0-301F-11D3-BF4B-00C04F79EFBC}") = "Unity.2D.SpriteShape.Editor", "Unity.2D.SpriteShape.Editor.csproj", "{34629b10-5386-bbed-62fc-c7e44d5581bb}"
EndProject
Project("{FAE04EC0-301F-11D3-BF4B-00C04F79EFBC}") = "Unity.Collections", "Unity.Collections.csproj", "{5cea0876-9c21-7d93-183b-7c7b175aa3b9}"
EndProject
Project("{FAE04EC0-301F-11D3-BF4B-00C04F79EFBC}") = "Unity.VisualStudio.Editor", "Unity.VisualStudio.Editor.csproj", "{4543d988-7dd5-1f5b-ff4b-813be1a6b35d}"
EndProject
Project("{FAE04EC0-301F-11D3-BF4B-00C04F79EFBC}") = "Unity.2D.Tilemap.Extras.Editor", "Unity.2D.Tilemap.Extras.Editor.csproj", "{54db7128-fd14-d6c0-6f86-9fdf99cbcb29}"
EndProject
Project("{FAE04EC0-301F-11D3-BF4B-00C04F79EFBC}") = "Unity.Rider.Editor", "Unity.Rider.Editor.csproj", "{f333a7d0-339b-5670-03e6-a52354a7d801}"
EndProject
Project("{FAE04EC0-301F-11D3-BF4B-00C04F79EFBC}") = "Unity.InternalAPIEditorBridge.001", "Unity.InternalAPIEditorBridge.001.csproj", "{7299d825-ecbb-9c3d-694c-81804f59e9f0}"
EndProject
Project("{FAE04EC0-301F-11D3-BF4B-00C04F79EFBC}") = "Unity.2D.SpriteShape.Runtime", "Unity.2D.SpriteShape.Runtime.csproj", "{c7517041-83b2-5988-aef0-57ee660382e1}"
EndProject
Project("{FAE04EC0-301F-11D3-BF4B-00C04F79EFBC}") = "Unity.VisualScripting.State.Editor", "Unity.VisualScripting.State.Editor.csproj", "{f0d28dd7-6fe1-ac4b-a1a6-6315c42c79ff}"
EndProject
Project("{FAE04EC0-301F-11D3-BF4B-00C04F79EFBC}") = "Unity.2D.Animation.Runtime", "Unity.2D.Animation.Runtime.csproj", "{54e787bb-62d6-a249-e3a4-61279007996f}"
EndProject
Project("{FAE04EC0-301F-11D3-BF4B-00C04F79EFBC}") = "Unity.Burst.CodeGen", "Unity.Burst.CodeGen.csproj", "{86f4e885-f1c7-f762-4fe2-2fcc46e30756}"
EndProject
Project("{FAE04EC0-301F-11D3-BF4B-00C04F79EFBC}") = "Unity.2D.Tilemap.Extras", "Unity.2D.Tilemap.Extras.csproj", "{0e5ed40c-5ea6-8a28-e39a-285c2ccf5522}"
EndProject
Project("{FAE04EC0-301F-11D3-BF4B-00C04F79EFBC}") = "Unity.VisualScripting.State", "Unity.VisualScripting.State.csproj", "{2fd0931b-f3e8-6cbb-8921-46077f5413e8}"
EndProject
Project("{FAE04EC0-301F-11D3-BF4B-00C04F79EFBC}") = "Unity.TextMeshPro", "Unity.TextMeshPro.csproj", "{0a9700ab-0f44-316d-f1c1-f28028f1f34a}"
EndProject
Project("{FAE04EC0-301F-11D3-BF4B-00C04F79EFBC}") = "Unity.2D.Aseprite.Common", "Unity.2D.Aseprite.Common.csproj", "{c80c9323-adaa-1e16-e6ab-316ff0f677da}"
EndProject
Project("{FAE04EC0-301F-11D3-BF4B-00C04F79EFBC}") = "Unity.VSCode.Editor", "Unity.VSCode.Editor.csproj", "{724a7ada-e05c-b41b-7147-9a218429b0a4}"
EndProject
Project("{FAE04EC0-301F-11D3-BF4B-00C04F79EFBC}") = "Unity.2D.IK.Editor", "Unity.2D.IK.Editor.csproj", "{55613cd1-94d3-46f1-d878-2a384c4032f4}"
EndProject
Project("{FAE04EC0-301F-11D3-BF4B-00C04F79EFBC}") = "Unity.InternalAPIEngineBridge.001", "Unity.InternalAPIEngineBridge.001.csproj", "{f7ecf5f3-2902-b4fb-6263-3905c31361e8}"
EndProject
Project("{FAE04EC0-301F-11D3-BF4B-00C04F79EFBC}") = "Unity.Burst.Editor", "Unity.Burst.Editor.csproj", "{d697e643-8a99-8c82-601b-d0f438c29a49}"
EndProject
Project("{FAE04EC0-301F-11D3-BF4B-00C04F79EFBC}") = "Unity.2D.Common.Editor", "Unity.2D.Common.Editor.csproj", "{55af99b7-415b-df43-06aa-7699713f169a}"
EndProject
Project("{FAE04EC0-301F-11D3-BF4B-00C04F79EFBC}") = "Unity.2D.PixelPerfect", "Unity.2D.PixelPerfect.csproj", "{dd153716-f834-0995-abc8-dcb6de832ead}"
EndProject
Project("{FAE04EC0-301F-11D3-BF4B-00C04F79EFBC}") = "Unity.2D.PixelPerfect.Editor", "Unity.2D.PixelPerfect.Editor.csproj", "{6ebc278d-7890-70cd-e2a0-287e519e213c}"
EndProject
Project("{FAE04EC0-301F-11D3-BF4B-00C04F79EFBC}") = "Unity.2D.Common.Runtime", "Unity.2D.Common.Runtime.csproj", "{3dd7f603-0aea-6df6-048e-85692a9199c9}"
EndProject
Project("{FAE04EC0-301F-11D3-BF4B-00C04F79EFBC}") = "Unity.Mathematics.Editor", "Unity.Mathematics.Editor.csproj", "{6f171ff1-8e53-5e6b-a9dc-93f02dc1dd08}"
EndProject
Project("{FAE04EC0-301F-11D3-BF4B-00C04F79EFBC}") = "Unity.Collections.BurstCompatibilityGen", "Unity.Collections.BurstCompatibilityGen.csproj", "{ce2a8793-02a9-f0dc-89c4-8dd7e643fb94}"
EndProject
Project("{FAE04EC0-301F-11D3-BF4B-00C04F79EFBC}") = "Unity.InternalAPIEditorBridge.005", "Unity.InternalAPIEditorBridge.005.csproj", "{0fd1e130-8cd8-3338-0830-b0a715a479b5}"
EndProject
Project("{FAE04EC0-301F-11D3-BF4B-00C04F79EFBC}") = "Unity.VisualScripting.Shared.Editor", "Unity.VisualScripting.Shared.Editor.csproj", "{a1c5c728-5d45-07c3-c73a-fa4df1fde48c}"
EndProject
Project("{FAE04EC0-301F-11D3-BF4B-00C04F79EFBC}") = "Unity.Collections.DocCodeSamples", "Unity.Collections.DocCodeSamples.csproj", "{f90e0e42-dcc7-f3f4-6ab9-218571d10512}"
EndProject
Project("{FAE04EC0-301F-11D3-BF4B-00C04F79EFBC}") = "Unity.CollabProxy.Editor", "Unity.CollabProxy.Editor.csproj", "{b0f024aa-422c-62a8-9081-2a0055bfdd78}"
EndProject
Project("{FAE04EC0-301F-11D3-BF4B-00C04F79EFBC}") = "Assembly-CSharp-Editor", "Assembly-CSharp-Editor.csproj", "{d4d29bbc-27e8-623a-5735-4a7d61a19e0f}"
EndProject
Project("{FAE04EC0-301F-11D3-BF4B-00C04F79EFBC}") = "Unity.Mathematics.Tests", "Unity.Mathematics.Tests.csproj", "{b7c37989-8970-712c-b7f4-d028badd9661}"
EndProject
Project("{FAE04EC0-301F-11D3-BF4B-00C04F79EFBC}") = "Unity.2D.Aseprite.EditorTests", "Unity.2D.Aseprite.EditorTests.csproj", "{a89068e0-feba-ef88-2530-0e23311c5c42}"
EndProject
Project("{FAE04EC0-301F-11D3-BF4B-00C04F79EFBC}") = "Unity.Burst.Tests.UnitTests", "Unity.Burst.Tests.UnitTests.csproj", "{a2652be9-d077-b6c9-27ab-87868f629597}"
EndProject
Project("{FAE04EC0-301F-11D3-BF4B-00C04F79EFBC}") = "Unity.2D.PixelPerfect.EditorTests", "Unity.2D.PixelPerfect.EditorTests.csproj", "{22d6e5ff-1072-0550-b983-f42890a61ce4}"
EndProject
Project("{FAE04EC0-301F-11D3-BF4B-00C04F79EFBC}") = "Unity.2D.SpriteShape.EditorTests", "Unity.2D.SpriteShape.EditorTests.csproj", "{e6acdbaa-c2fc-4568-2720-4f07e17461dc}"
EndProject
Project("{FAE04EC0-301F-11D3-BF4B-00C04F79EFBC}") = "Unity.2D.Common.EditorTests", "Unity.2D.Common.EditorTests.csproj", "{a4d1e97d-1366-2779-665c-df8540bb4459}"
EndProject
Project("{FAE04EC0-301F-11D3-BF4B-00C04F79EFBC}") = "Unity.Burst.Editor.Tests", "Unity.Burst.Editor.Tests.csproj", "{f5fc922f-8530-7e71-f0cb-772116653984}"
EndProject
Project("{FAE04EC0-301F-11D3-BF4B-00C04F79EFBC}") = "Unity.TextMeshPro.Editor.Tests", "Unity.TextMeshPro.Editor.Tests.csproj", "{7c41e6d0-23f8-6a1d-839a-37090e7a5502}"
EndProject
Project("{FAE04EC0-301F-11D3-BF4B-00C04F79EFBC}") = "DocCodeExamples", "DocCodeExamples.csproj", "{543e1cec-9a22-ff25-0b7c-924b48d482d8}"
EndProject
Project("{FAE04EC0-301F-11D3-BF4B-00C04F79EFBC}") = "Unity.Collections.Tests", "Unity.Collections.Tests.csproj", "{bd074c4a-3882-cbce-5943-4cc04c5cafd5}"
EndProject
Project("{FAE04EC0-301F-11D3-BF4B-00C04F79EFBC}") = "Unity.2D.Psdimporter.EditorTests", "Unity.2D.Psdimporter.EditorTests.csproj", "{b1014156-8d43-c15b-3560-bddd5183f43c}"
EndProject
Project("{FAE04EC0-301F-11D3-BF4B-00C04F79EFBC}") = "Unity.Collections.Tests.Playmode", "Unity.Collections.Tests.Playmode.csproj", "{dbb09c01-a417-bfac-febc-ed4556093cb2}"
EndProject
Project("{FAE04EC0-301F-11D3-BF4B-00C04F79EFBC}") = "Unity.2D.Animation.EditorTests", "Unity.2D.Animation.EditorTests.csproj", "{ac9a64a8-6853-f4c8-f01e-b35b751bce7b}"
EndProject
Project("{FAE04EC0-301F-11D3-BF4B-00C04F79EFBC}") = "Unity.TextMeshPro.Tests", "Unity.TextMeshPro.Tests.csproj", "{569ee4b4-64a3-9518-6c0d-3b6760ffd154}"
EndProject
Project("{FAE04EC0-301F-11D3-BF4B-00C04F79EFBC}") = "SeparateAssembly", "SeparateAssembly.csproj", "{fd6ce4db-1ec3-d2de-8ef3-9eea74f3f303}"
EndProject
Project("{FAE04EC0-301F-11D3-BF4B-00C04F79EFBC}") = "Unity.2D.Tilemap.Extras.Placeholder.EditorTests", "Unity.2D.Tilemap.Extras.Placeholder.EditorTests.csproj", "{5108e454-316c-08b9-4bf8-b3961b682235}"
EndProject
Project("{FAE04EC0-301F-11D3-BF4B-00C04F79EFBC}") = "OverloadedFunctionPointers", "OverloadedFunctionPointers.csproj", "{d6c702cf-34f4-764e-31a9-7c2d4ddef6e5}"
EndProject
Global
	GlobalSection(SolutionConfigurationPlatforms) = preSolution
		Debug|Any CPU = Debug|Any CPU
	EndGlobalSection
	GlobalSection(ProjectConfigurationPlatforms) = postSolution
		{34ace0e0-0517-baa8-e3c4-0a30fb7d15d1}.Debug|Any CPU.ActiveCfg = Debug|Any CPU
		{34ace0e0-0517-baa8-e3c4-0a30fb7d15d1}.Debug|Any CPU.Build.0 = Debug|Any CPU
		{66db0a7b-67c9-e5a3-59aa-af3d05d0ca09}.Debug|Any CPU.ActiveCfg = Debug|Any CPU
		{66db0a7b-67c9-e5a3-59aa-af3d05d0ca09}.Debug|Any CPU.Build.0 = Debug|Any CPU
		{4bd27e19-2184-713d-ef42-85e36189cf01}.Debug|Any CPU.ActiveCfg = Debug|Any CPU
		{4bd27e19-2184-713d-ef42-85e36189cf01}.Debug|Any CPU.Build.0 = Debug|Any CPU
		{ffef5a9f-7e92-7b62-6c86-c96c365a05e4}.Debug|Any CPU.ActiveCfg = Debug|Any CPU
		{ffef5a9f-7e92-7b62-6c86-c96c365a05e4}.Debug|Any CPU.Build.0 = Debug|Any CPU
		{59a57fad-6e6e-46a2-1c30-156add7389b8}.Debug|Any CPU.ActiveCfg = Debug|Any CPU
		{59a57fad-6e6e-46a2-1c30-156add7389b8}.Debug|Any CPU.Build.0 = Debug|Any CPU
		{dfd54e42-dc91-ed80-f5a0-689a927c1647}.Debug|Any CPU.ActiveCfg = Debug|Any CPU
		{dfd54e42-dc91-ed80-f5a0-689a927c1647}.Debug|Any CPU.Build.0 = Debug|Any CPU
		{c4cb557f-63f4-cffc-2381-0379648ca7c9}.Debug|Any CPU.ActiveCfg = Debug|Any CPU
		{c4cb557f-63f4-cffc-2381-0379648ca7c9}.Debug|Any CPU.Build.0 = Debug|Any CPU
		{2477c459-5546-3dc5-db26-02d57ad52ecd}.Debug|Any CPU.ActiveCfg = Debug|Any CPU
		{2477c459-5546-3dc5-db26-02d57ad52ecd}.Debug|Any CPU.Build.0 = Debug|Any CPU
		{7014298b-a919-5285-8f26-f5dc0c1d5fea}.Debug|Any CPU.ActiveCfg = Debug|Any CPU
		{7014298b-a919-5285-8f26-f5dc0c1d5fea}.Debug|Any CPU.Build.0 = Debug|Any CPU
		{ccce4c8f-dd51-455b-adc5-f32826a020dc}.Debug|Any CPU.ActiveCfg = Debug|Any CPU
		{ccce4c8f-dd51-455b-adc5-f32826a020dc}.Debug|Any CPU.Build.0 = Debug|Any CPU
		{5582e00a-cf05-9ef9-c7fc-71f8a11de1ca}.Debug|Any CPU.ActiveCfg = Debug|Any CPU
		{5582e00a-cf05-9ef9-c7fc-71f8a11de1ca}.Debug|Any CPU.Build.0 = Debug|Any CPU
		{57b31b66-85a3-3765-d3ef-c00c2b430fea}.Debug|Any CPU.ActiveCfg = Debug|Any CPU
		{57b31b66-85a3-3765-d3ef-c00c2b430fea}.Debug|Any CPU.Build.0 = Debug|Any CPU
		{9b1e7def-0bc8-3ed1-14d1-9e711d09e08b}.Debug|Any CPU.ActiveCfg = Debug|Any CPU
		{9b1e7def-0bc8-3ed1-14d1-9e711d09e08b}.Debug|Any CPU.Build.0 = Debug|Any CPU
		{8e39ca58-a077-7dac-79fd-cbb196699bd4}.Debug|Any CPU.ActiveCfg = Debug|Any CPU
		{8e39ca58-a077-7dac-79fd-cbb196699bd4}.Debug|Any CPU.Build.0 = Debug|Any CPU
		{001d9a3a-17be-2b4f-5392-11d0af054f37}.Debug|Any CPU.ActiveCfg = Debug|Any CPU
		{001d9a3a-17be-2b4f-5392-11d0af054f37}.Debug|Any CPU.Build.0 = Debug|Any CPU
		{2d31fafc-6e8b-5ed2-72cc-13ff34bfb715}.Debug|Any CPU.ActiveCfg = Debug|Any CPU
		{2d31fafc-6e8b-5ed2-72cc-13ff34bfb715}.Debug|Any CPU.Build.0 = Debug|Any CPU
		{a11bf4a0-a883-92f1-f957-067ae883fb2e}.Debug|Any CPU.ActiveCfg = Debug|Any CPU
		{a11bf4a0-a883-92f1-f957-067ae883fb2e}.Debug|Any CPU.Build.0 = Debug|Any CPU
		{4f83deb6-9530-42b9-c5ae-ba82dcf0c478}.Debug|Any CPU.ActiveCfg = Debug|Any CPU
		{4f83deb6-9530-42b9-c5ae-ba82dcf0c478}.Debug|Any CPU.Build.0 = Debug|Any CPU
		{94aecc50-e399-a554-e2d1-73306493525f}.Debug|Any CPU.ActiveCfg = Debug|Any CPU
		{94aecc50-e399-a554-e2d1-73306493525f}.Debug|Any CPU.Build.0 = Debug|Any CPU
		{3ca30a98-cc0e-55c8-6250-e2be2d773343}.Debug|Any CPU.ActiveCfg = Debug|Any CPU
		{3ca30a98-cc0e-55c8-6250-e2be2d773343}.Debug|Any CPU.Build.0 = Debug|Any CPU
		{34629b10-5386-bbed-62fc-c7e44d5581bb}.Debug|Any CPU.ActiveCfg = Debug|Any CPU
		{34629b10-5386-bbed-62fc-c7e44d5581bb}.Debug|Any CPU.Build.0 = Debug|Any CPU
		{5cea0876-9c21-7d93-183b-7c7b175aa3b9}.Debug|Any CPU.ActiveCfg = Debug|Any CPU
		{5cea0876-9c21-7d93-183b-7c7b175aa3b9}.Debug|Any CPU.Build.0 = Debug|Any CPU
		{4543d988-7dd5-1f5b-ff4b-813be1a6b35d}.Debug|Any CPU.ActiveCfg = Debug|Any CPU
		{4543d988-7dd5-1f5b-ff4b-813be1a6b35d}.Debug|Any CPU.Build.0 = Debug|Any CPU
		{54db7128-fd14-d6c0-6f86-9fdf99cbcb29}.Debug|Any CPU.ActiveCfg = Debug|Any CPU
		{54db7128-fd14-d6c0-6f86-9fdf99cbcb29}.Debug|Any CPU.Build.0 = Debug|Any CPU
		{f333a7d0-339b-5670-03e6-a52354a7d801}.Debug|Any CPU.ActiveCfg = Debug|Any CPU
		{f333a7d0-339b-5670-03e6-a52354a7d801}.Debug|Any CPU.Build.0 = Debug|Any CPU
		{7299d825-ecbb-9c3d-694c-81804f59e9f0}.Debug|Any CPU.ActiveCfg = Debug|Any CPU
		{7299d825-ecbb-9c3d-694c-81804f59e9f0}.Debug|Any CPU.Build.0 = Debug|Any CPU
		{c7517041-83b2-5988-aef0-57ee660382e1}.Debug|Any CPU.ActiveCfg = Debug|Any CPU
		{c7517041-83b2-5988-aef0-57ee660382e1}.Debug|Any CPU.Build.0 = Debug|Any CPU
		{f0d28dd7-6fe1-ac4b-a1a6-6315c42c79ff}.Debug|Any CPU.ActiveCfg = Debug|Any CPU
		{f0d28dd7-6fe1-ac4b-a1a6-6315c42c79ff}.Debug|Any CPU.Build.0 = Debug|Any CPU
		{54e787bb-62d6-a249-e3a4-61279007996f}.Debug|Any CPU.ActiveCfg = Debug|Any CPU
		{54e787bb-62d6-a249-e3a4-61279007996f}.Debug|Any CPU.Build.0 = Debug|Any CPU
		{86f4e885-f1c7-f762-4fe2-2fcc46e30756}.Debug|Any CPU.ActiveCfg = Debug|Any CPU
		{86f4e885-f1c7-f762-4fe2-2fcc46e30756}.Debug|Any CPU.Build.0 = Debug|Any CPU
		{0e5ed40c-5ea6-8a28-e39a-285c2ccf5522}.Debug|Any CPU.ActiveCfg = Debug|Any CPU
		{0e5ed40c-5ea6-8a28-e39a-285c2ccf5522}.Debug|Any CPU.Build.0 = Debug|Any CPU
		{2fd0931b-f3e8-6cbb-8921-46077f5413e8}.Debug|Any CPU.ActiveCfg = Debug|Any CPU
		{2fd0931b-f3e8-6cbb-8921-46077f5413e8}.Debug|Any CPU.Build.0 = Debug|Any CPU
		{0a9700ab-0f44-316d-f1c1-f28028f1f34a}.Debug|Any CPU.ActiveCfg = Debug|Any CPU
		{0a9700ab-0f44-316d-f1c1-f28028f1f34a}.Debug|Any CPU.Build.0 = Debug|Any CPU
		{c80c9323-adaa-1e16-e6ab-316ff0f677da}.Debug|Any CPU.ActiveCfg = Debug|Any CPU
		{c80c9323-adaa-1e16-e6ab-316ff0f677da}.Debug|Any CPU.Build.0 = Debug|Any CPU
		{724a7ada-e05c-b41b-7147-9a218429b0a4}.Debug|Any CPU.ActiveCfg = Debug|Any CPU
		{724a7ada-e05c-b41b-7147-9a218429b0a4}.Debug|Any CPU.Build.0 = Debug|Any CPU
		{55613cd1-94d3-46f1-d878-2a384c4032f4}.Debug|Any CPU.ActiveCfg = Debug|Any CPU
		{55613cd1-94d3-46f1-d878-2a384c4032f4}.Debug|Any CPU.Build.0 = Debug|Any CPU
		{f7ecf5f3-2902-b4fb-6263-3905c31361e8}.Debug|Any CPU.ActiveCfg = Debug|Any CPU
		{f7ecf5f3-2902-b4fb-6263-3905c31361e8}.Debug|Any CPU.Build.0 = Debug|Any CPU
		{d697e643-8a99-8c82-601b-d0f438c29a49}.Debug|Any CPU.ActiveCfg = Debug|Any CPU
		{d697e643-8a99-8c82-601b-d0f438c29a49}.Debug|Any CPU.Build.0 = Debug|Any CPU
		{55af99b7-415b-df43-06aa-7699713f169a}.Debug|Any CPU.ActiveCfg = Debug|Any CPU
		{55af99b7-415b-df43-06aa-7699713f169a}.Debug|Any CPU.Build.0 = Debug|Any CPU
		{dd153716-f834-0995-abc8-dcb6de832ead}.Debug|Any CPU.ActiveCfg = Debug|Any CPU
		{dd153716-f834-0995-abc8-dcb6de832ead}.Debug|Any CPU.Build.0 = Debug|Any CPU
		{6ebc278d-7890-70cd-e2a0-287e519e213c}.Debug|Any CPU.ActiveCfg = Debug|Any CPU
		{6ebc278d-7890-70cd-e2a0-287e519e213c}.Debug|Any CPU.Build.0 = Debug|Any CPU
		{3dd7f603-0aea-6df6-048e-85692a9199c9}.Debug|Any CPU.ActiveCfg = Debug|Any CPU
		{3dd7f603-0aea-6df6-048e-85692a9199c9}.Debug|Any CPU.Build.0 = Debug|Any CPU
		{6f171ff1-8e53-5e6b-a9dc-93f02dc1dd08}.Debug|Any CPU.ActiveCfg = Debug|Any CPU
		{6f171ff1-8e53-5e6b-a9dc-93f02dc1dd08}.Debug|Any CPU.Build.0 = Debug|Any CPU
		{ce2a8793-02a9-f0dc-89c4-8dd7e643fb94}.Debug|Any CPU.ActiveCfg = Debug|Any CPU
		{ce2a8793-02a9-f0dc-89c4-8dd7e643fb94}.Debug|Any CPU.Build.0 = Debug|Any CPU
		{0fd1e130-8cd8-3338-0830-b0a715a479b5}.Debug|Any CPU.ActiveCfg = Debug|Any CPU
		{0fd1e130-8cd8-3338-0830-b0a715a479b5}.Debug|Any CPU.Build.0 = Debug|Any CPU
		{a1c5c728-5d45-07c3-c73a-fa4df1fde48c}.Debug|Any CPU.ActiveCfg = Debug|Any CPU
		{a1c5c728-5d45-07c3-c73a-fa4df1fde48c}.Debug|Any CPU.Build.0 = Debug|Any CPU
		{f90e0e42-dcc7-f3f4-6ab9-218571d10512}.Debug|Any CPU.ActiveCfg = Debug|Any CPU
		{f90e0e42-dcc7-f3f4-6ab9-218571d10512}.Debug|Any CPU.Build.0 = Debug|Any CPU
		{b0f024aa-422c-62a8-9081-2a0055bfdd78}.Debug|Any CPU.ActiveCfg = Debug|Any CPU
		{b0f024aa-422c-62a8-9081-2a0055bfdd78}.Debug|Any CPU.Build.0 = Debug|Any CPU
		{d4d29bbc-27e8-623a-5735-4a7d61a19e0f}.Debug|Any CPU.ActiveCfg = Debug|Any CPU
		{d4d29bbc-27e8-623a-5735-4a7d61a19e0f}.Debug|Any CPU.Build.0 = Debug|Any CPU
		{b7c37989-8970-712c-b7f4-d028badd9661}.Debug|Any CPU.ActiveCfg = Debug|Any CPU
		{b7c37989-8970-712c-b7f4-d028badd9661}.Debug|Any CPU.Build.0 = Debug|Any CPU
		{a89068e0-feba-ef88-2530-0e23311c5c42}.Debug|Any CPU.ActiveCfg = Debug|Any CPU
		{a89068e0-feba-ef88-2530-0e23311c5c42}.Debug|Any CPU.Build.0 = Debug|Any CPU
		{a2652be9-d077-b6c9-27ab-87868f629597}.Debug|Any CPU.ActiveCfg = Debug|Any CPU
		{a2652be9-d077-b6c9-27ab-87868f629597}.Debug|Any CPU.Build.0 = Debug|Any CPU
		{22d6e5ff-1072-0550-b983-f42890a61ce4}.Debug|Any CPU.ActiveCfg = Debug|Any CPU
		{22d6e5ff-1072-0550-b983-f42890a61ce4}.Debug|Any CPU.Build.0 = Debug|Any CPU
		{e6acdbaa-c2fc-4568-2720-4f07e17461dc}.Debug|Any CPU.ActiveCfg = Debug|Any CPU
		{e6acdbaa-c2fc-4568-2720-4f07e17461dc}.Debug|Any CPU.Build.0 = Debug|Any CPU
		{a4d1e97d-1366-2779-665c-df8540bb4459}.Debug|Any CPU.ActiveCfg = Debug|Any CPU
		{a4d1e97d-1366-2779-665c-df8540bb4459}.Debug|Any CPU.Build.0 = Debug|Any CPU
		{f5fc922f-8530-7e71-f0cb-772116653984}.Debug|Any CPU.ActiveCfg = Debug|Any CPU
		{f5fc922f-8530-7e71-f0cb-772116653984}.Debug|Any CPU.Build.0 = Debug|Any CPU
		{7c41e6d0-23f8-6a1d-839a-37090e7a5502}.Debug|Any CPU.ActiveCfg = Debug|Any CPU
		{7c41e6d0-23f8-6a1d-839a-37090e7a5502}.Debug|Any CPU.Build.0 = Debug|Any CPU
		{543e1cec-9a22-ff25-0b7c-924b48d482d8}.Debug|Any CPU.ActiveCfg = Debug|Any CPU
		{543e1cec-9a22-ff25-0b7c-924b48d482d8}.Debug|Any CPU.Build.0 = Debug|Any CPU
		{bd074c4a-3882-cbce-5943-4cc04c5cafd5}.Debug|Any CPU.ActiveCfg = Debug|Any CPU
		{bd074c4a-3882-cbce-5943-4cc04c5cafd5}.Debug|Any CPU.Build.0 = Debug|Any CPU
		{b1014156-8d43-c15b-3560-bddd5183f43c}.Debug|Any CPU.ActiveCfg = Debug|Any CPU
		{b1014156-8d43-c15b-3560-bddd5183f43c}.Debug|Any CPU.Build.0 = Debug|Any CPU
		{dbb09c01-a417-bfac-febc-ed4556093cb2}.Debug|Any CPU.ActiveCfg = Debug|Any CPU
		{dbb09c01-a417-bfac-febc-ed4556093cb2}.Debug|Any CPU.Build.0 = Debug|Any CPU
		{ac9a64a8-6853-f4c8-f01e-b35b751bce7b}.Debug|Any CPU.ActiveCfg = Debug|Any CPU
		{ac9a64a8-6853-f4c8-f01e-b35b751bce7b}.Debug|Any CPU.Build.0 = Debug|Any CPU
		{569ee4b4-64a3-9518-6c0d-3b6760ffd154}.Debug|Any CPU.ActiveCfg = Debug|Any CPU
		{569ee4b4-64a3-9518-6c0d-3b6760ffd154}.Debug|Any CPU.Build.0 = Debug|Any CPU
		{fd6ce4db-1ec3-d2de-8ef3-9eea74f3f303}.Debug|Any CPU.ActiveCfg = Debug|Any CPU
		{fd6ce4db-1ec3-d2de-8ef3-9eea74f3f303}.Debug|Any CPU.Build.0 = Debug|Any CPU
		{5108e454-316c-08b9-4bf8-b3961b682235}.Debug|Any CPU.ActiveCfg = Debug|Any CPU
		{5108e454-316c-08b9-4bf8-b3961b682235}.Debug|Any CPU.Build.0 = Debug|Any CPU
		{d6c702cf-34f4-764e-31a9-7c2d4ddef6e5}.Debug|Any CPU.ActiveCfg = Debug|Any CPU
		{d6c702cf-34f4-764e-31a9-7c2d4ddef6e5}.Debug|Any CPU.Build.0 = Debug|Any CPU
	EndGlobalSection
	GlobalSection(SolutionProperties) = preSolution
		HideSolutionNode = FALSE
	EndGlobalSection
EndGlobal
